
Microsoft Visual Studio Solution File, Format Version 12.00
# Visual Studio Version 17
VisualStudioVersion = 17.11.35327.3
MinimumVisualStudioVersion = 10.0.40219.1
Project("{2150E333-8FDC-42A3-9474-1A3956D46DE8}") = "Apis", "Apis", "{13B54273-7C61-4A25-9400-F8BF09C3F39C}"
EndProject
Project("{2150E333-8FDC-42A3-9474-1A3956D46DE8}") = "Application", "Application", "{A0350C19-1A1E-4A82-970D-19E5E3D948CF}"
EndProject
Project("{2150E333-8FDC-42A3-9474-1A3956D46DE8}") = "Domain", "Domain", "{4BD6CDD7-D73F-4A89-9918-B007306784A1}"
EndProject
Project("{2150E333-8FDC-42A3-9474-1A3956D46DE8}") = "Infrestructure", "Infrestructure", "{C093EEDD-F558-4F44-9E52-EE4292E3EE60}"
EndProject
Project("{9A19103F-16F7-4668-BE54-9A1E7A4F7556}") = "CAPA.API.AUTH", "CAPA.API.AUTH\CAPA.API.AUTH.csproj", "{036F3741-8F41-4DAD-9047-B5FE4A1CD660}"
EndProject
Project("{9A19103F-16F7-4668-BE54-9A1E7A4F7556}") = "CAPA.API.ADMIN", "CAPA.API.ADMIN\CAPA.API.ADMIN.csproj", "{1EAD7D57-3B37-4ECF-80CC-9AF8284ACDE4}"
EndProject
Project("{9A19103F-16F7-4668-BE54-9A1E7A4F7556}") = "CAPA.APP", "CAPA.APP\CAPA.APP.csproj", "{AFC161B7-3B46-47EF-B426-8A9D997E546D}"
EndProject
Project("{9A19103F-16F7-4668-BE54-9A1E7A4F7556}") = "CAPA.DOMAIN", "CAPA.DOMAIN\CAPA.DOMAIN.csproj", "{FA1DB693-EC49-4D88-8223-F05EB2FB9571}"
EndProject
Project("{9A19103F-16F7-4668-BE54-9A1E7A4F7556}") = "CAPA.INFRE", "CAPA.INFRE\CAPA.INFRE.csproj", "{F64092C2-734F-4DEE-81E5-C9C948B7604E}"
EndProject
Project("{2150E333-8FDC-42A3-9474-1A3956D46DE8}") = "Site", "Site", "{869C08FE-B05C-40D3-8D29-E21F36600197}"
EndProject
Project("{9A19103F-16F7-4668-BE54-9A1E7A4F7556}") = "CAPA.SITE.MVC", "CAPA.SITE.MVC\CAPA.SITE.MVC.csproj", "{5506E786-BA3A-406F-A8E4-7D429E986020}"
EndProject
Project("{9A19103F-16F7-4668-BE54-9A1E7A4F7556}") = "CAPA.HTTP", "CAPA.HTTP\CAPA.HTTP.csproj", "{7AE63809-D3D0-4A86-85FC-0AADA126FBC4}"
EndProject
Project("{FAE04EC0-301F-11D3-BF4B-00C04F79EFBC}") = "CAPA.INFRE.EF", "CAPA.INFRE.EF\CAPA.INFRE.EF.csproj", "{6634BC2B-9F1D-43BB-8EF3-B235EEA7DA13}"
EndProject
Project("{2150E333-8FDC-42A3-9474-1A3956D46DE8}") = "PaquetesNuGet", "PaquetesNuGet", "{02EA681E-C7D8-13C7-8484-4AC65E1B71E8}"
EndProject
Project("{FAE04EC0-301F-11D3-BF4B-00C04F79EFBC}") = "NUGET.SERILOG", "NUGET.SERILOG\NUGET.SERILOG.csproj", "{3A5C2AD6-B1BF-4C7C-A11C-B282F58ED8A5}"
EndProject
Project("{FAE04EC0-301F-11D3-BF4B-00C04F79EFBC}") = "NUGET.SERILOG.API.3_1", "NUGET.SERILOG3_1\NUGET.SERILOG.API.3_1.csproj", "{C49A7019-60C3-4F54-A9C5-95BCB090BC62}"
EndProject
Project("{FAE04EC0-301F-11D3-BF4B-00C04F79EFBC}") = "NUGET.TOOL.CORE.3_1", "NUGET.TOOL.CORE.3_1\NUGET.TOOL.CORE.3_1.csproj", "{E210BCB6-0BA7-4AD5-AF71-B6805D290D8A}"
EndProject
Global
	GlobalSection(SolutionConfigurationPlatforms) = preSolution
		Debug|Any CPU = Debug|Any CPU
		Release|Any CPU = Release|Any CPU
	EndGlobalSection
	GlobalSection(ProjectConfigurationPlatforms) = postSolution
		{036F3741-8F41-4DAD-9047-B5FE4A1CD660}.Debug|Any CPU.ActiveCfg = Debug|Any CPU
		{036F3741-8F41-4DAD-9047-B5FE4A1CD660}.Debug|Any CPU.Build.0 = Debug|Any CPU
		{036F3741-8F41-4DAD-9047-B5FE4A1CD660}.Release|Any CPU.ActiveCfg = Release|Any CPU
		{036F3741-8F41-4DAD-9047-B5FE4A1CD660}.Release|Any CPU.Build.0 = Release|Any CPU
		{1EAD7D57-3B37-4ECF-80CC-9AF8284ACDE4}.Debug|Any CPU.ActiveCfg = Debug|Any CPU
		{1EAD7D57-3B37-4ECF-80CC-9AF8284ACDE4}.Debug|Any CPU.Build.0 = Debug|Any CPU
		{1EAD7D57-3B37-4ECF-80CC-9AF8284ACDE4}.Release|Any CPU.ActiveCfg = Release|Any CPU
		{1EAD7D57-3B37-4ECF-80CC-9AF8284ACDE4}.Release|Any CPU.Build.0 = Release|Any CPU
		{AFC161B7-3B46-47EF-B426-8A9D997E546D}.Debug|Any CPU.ActiveCfg = Debug|Any CPU
		{AFC161B7-3B46-47EF-B426-8A9D997E546D}.Debug|Any CPU.Build.0 = Debug|Any CPU
		{AFC161B7-3B46-47EF-B426-8A9D997E546D}.Release|Any CPU.ActiveCfg = Release|Any CPU
		{AFC161B7-3B46-47EF-B426-8A9D997E546D}.Release|Any CPU.Build.0 = Release|Any CPU
		{FA1DB693-EC49-4D88-8223-F05EB2FB9571}.Debug|Any CPU.ActiveCfg = Debug|Any CPU
		{FA1DB693-EC49-4D88-8223-F05EB2FB9571}.Debug|Any CPU.Build.0 = Debug|Any CPU
		{FA1DB693-EC49-4D88-8223-F05EB2FB9571}.Release|Any CPU.ActiveCfg = Release|Any CPU
		{FA1DB693-EC49-4D88-8223-F05EB2FB9571}.Release|Any CPU.Build.0 = Release|Any CPU
		{F64092C2-734F-4DEE-81E5-C9C948B7604E}.Debug|Any CPU.ActiveCfg = Debug|Any CPU
		{F64092C2-734F-4DEE-81E5-C9C948B7604E}.Debug|Any CPU.Build.0 = Debug|Any CPU
		{F64092C2-734F-4DEE-81E5-C9C948B7604E}.Release|Any CPU.ActiveCfg = Release|Any CPU
		{F64092C2-734F-4DEE-81E5-C9C948B7604E}.Release|Any CPU.Build.0 = Release|Any CPU
		{5506E786-BA3A-406F-A8E4-7D429E986020}.Debug|Any CPU.ActiveCfg = Debug|Any CPU
		{5506E786-BA3A-406F-A8E4-7D429E986020}.Debug|Any CPU.Build.0 = Debug|Any CPU
		{5506E786-BA3A-406F-A8E4-7D429E986020}.Release|Any CPU.ActiveCfg = Release|Any CPU
		{5506E786-BA3A-406F-A8E4-7D429E986020}.Release|Any CPU.Build.0 = Release|Any CPU
		{7AE63809-D3D0-4A86-85FC-0AADA126FBC4}.Debug|Any CPU.ActiveCfg = Debug|Any CPU
		{7AE63809-D3D0-4A86-85FC-0AADA126FBC4}.Debug|Any CPU.Build.0 = Debug|Any CPU
		{7AE63809-D3D0-4A86-85FC-0AADA126FBC4}.Release|Any CPU.ActiveCfg = Release|Any CPU
		{7AE63809-D3D0-4A86-85FC-0AADA126FBC4}.Release|Any CPU.Build.0 = Release|Any CPU
		{6634BC2B-9F1D-43BB-8EF3-B235EEA7DA13}.Debug|Any CPU.ActiveCfg = Debug|Any CPU
		{6634BC2B-9F1D-43BB-8EF3-B235EEA7DA13}.Debug|Any CPU.Build.0 = Debug|Any CPU
		{6634BC2B-9F1D-43BB-8EF3-B235EEA7DA13}.Release|Any CPU.ActiveCfg = Release|Any CPU
		{6634BC2B-9F1D-43BB-8EF3-B235EEA7DA13}.Release|Any CPU.Build.0 = Release|Any CPU
		{3A5C2AD6-B1BF-4C7C-A11C-B282F58ED8A5}.Debug|Any CPU.ActiveCfg = Debug|Any CPU
		{3A5C2AD6-B1BF-4C7C-A11C-B282F58ED8A5}.Debug|Any CPU.Build.0 = Debug|Any CPU
		{3A5C2AD6-B1BF-4C7C-A11C-B282F58ED8A5}.Release|Any CPU.ActiveCfg = Release|Any CPU
		{3A5C2AD6-B1BF-4C7C-A11C-B282F58ED8A5}.Release|Any CPU.Build.0 = Release|Any CPU
		{C49A7019-60C3-4F54-A9C5-95BCB090BC62}.Debug|Any CPU.ActiveCfg = Debug|Any CPU
		{C49A7019-60C3-4F54-A9C5-95BCB090BC62}.Debug|Any CPU.Build.0 = Debug|Any CPU
		{C49A7019-60C3-4F54-A9C5-95BCB090BC62}.Release|Any CPU.ActiveCfg = Release|Any CPU
		{C49A7019-60C3-4F54-A9C5-95BCB090BC62}.Release|Any CPU.Build.0 = Release|Any CPU
		{E210BCB6-0BA7-4AD5-AF71-B6805D290D8A}.Debug|Any CPU.ActiveCfg = Debug|Any CPU
		{E210BCB6-0BA7-4AD5-AF71-B6805D290D8A}.Debug|Any CPU.Build.0 = Debug|Any CPU
		{E210BCB6-0BA7-4AD5-AF71-B6805D290D8A}.Release|Any CPU.ActiveCfg = Release|Any CPU
		{E210BCB6-0BA7-4AD5-AF71-B6805D290D8A}.Release|Any CPU.Build.0 = Release|Any CPU
	EndGlobalSection
	GlobalSection(SolutionProperties) = preSolution
		HideSolutionNode = FALSE
	EndGlobalSection
	GlobalSection(NestedProjects) = preSolution
		{036F3741-8F41-4DAD-9047-B5FE4A1CD660} = {13B54273-7C61-4A25-9400-F8BF09C3F39C}
		{1EAD7D57-3B37-4ECF-80CC-9AF8284ACDE4} = {13B54273-7C61-4A25-9400-F8BF09C3F39C}
		{AFC161B7-3B46-47EF-B426-8A9D997E546D} = {A0350C19-1A1E-4A82-970D-19E5E3D948CF}
		{FA1DB693-EC49-4D88-8223-F05EB2FB9571} = {4BD6CDD7-D73F-4A89-9918-B007306784A1}
		{F64092C2-734F-4DEE-81E5-C9C948B7604E} = {C093EEDD-F558-4F44-9E52-EE4292E3EE60}
		{5506E786-BA3A-406F-A8E4-7D429E986020} = {869C08FE-B05C-40D3-8D29-E21F36600197}
		{7AE63809-D3D0-4A86-85FC-0AADA126FBC4} = {C093EEDD-F558-4F44-9E52-EE4292E3EE60}
		{6634BC2B-9F1D-43BB-8EF3-B235EEA7DA13} = {C093EEDD-F558-4F44-9E52-EE4292E3EE60}
		{3A5C2AD6-B1BF-4C7C-A11C-B282F58ED8A5} = {02EA681E-C7D8-13C7-8484-4AC65E1B71E8}
		{C49A7019-60C3-4F54-A9C5-95BCB090BC62} = {02EA681E-C7D8-13C7-8484-4AC65E1B71E8}
		{E210BCB6-0BA7-4AD5-AF71-B6805D290D8A} = {02EA681E-C7D8-13C7-8484-4AC65E1B71E8}
	EndGlobalSection
	GlobalSection(ExtensibilityGlobals) = postSolution
		SolutionGuid = {0099A8F1-4B93-444B-B1AD-CB766BD63CD5}
	EndGlobalSection
EndGlobal
